
Microsoft Visual Studio Solution File, Format Version 12.00
# Visual Studio 15
VisualStudioVersion = 15.0.28307.136
MinimumVisualStudioVersion = 10.0.40219.1
Project("{FAE04EC0-301F-11D3-BF4B-00C04F79EFBC}") = "DonseedTest", "DonseedTest\DonseedTest.csproj", "{E80B1A14-EE2E-44FA-9646-6D49C2C60C68}"
EndProject
Global
	GlobalSection(SolutionConfigurationPlatforms) = preSolution
		Debug|Any CPU = Debug|Any CPU
		Release|Any CPU = Release|Any CPU
	EndGlobalSection
	GlobalSection(ProjectConfigurationPlatforms) = postSolution
		{E80B1A14-EE2E-44FA-9646-6D49C2C60C68}.Debug|Any CPU.ActiveCfg = Debug|Any CPU
		{E80B1A14-EE2E-44FA-9646-6D49C2C60C68}.Debug|Any CPU.Build.0 = Debug|Any CPU
		{E80B1A14-EE2E-44FA-9646-6D49C2C60C68}.Release|Any CPU.ActiveCfg = Release|Any CPU
		{E80B1A14-EE2E-44FA-9646-6D49C2C60C68}.Release|Any CPU.Build.0 = Release|Any CPU
	EndGlobalSection
	GlobalSection(SolutionProperties) = preSolution
		HideSolutionNode = FALSE
	EndGlobalSection
	GlobalSection(ExtensibilityGlobals) = postSolution
		SolutionGuid = {D717CA77-03C4-478B-AE21-0C0721A1B467}
	EndGlobalSection
EndGlobal
